
Microsoft Visual Studio Solution File, Format Version 12.00
# Visual Studio Version 16
VisualStudioVersion = 16.0.29613.14
MinimumVisualStudioVersion = 10.0.40219.1
Project("{FAE04EC0-301F-11D3-BF4B-00C04F79EFBC}") = "WPF", "WPF\WPF.csproj", "{A452106C-E618-4DF0-882E-518562CE3007}"
EndProject
Project("{FAE04EC0-301F-11D3-BF4B-00C04F79EFBC}") = "MojaKontrolka", "MojaKontrolka\MojaKontrolka.csproj", "{767BEF53-963B-4738-AE97-230B75B6BBE7}"
EndProject
Global
	GlobalSection(SolutionConfigurationPlatforms) = preSolution
		Debug|Any CPU = Debug|Any CPU
		Release|Any CPU = Release|Any CPU
	EndGlobalSection
	GlobalSection(ProjectConfigurationPlatforms) = postSolution
		{A452106C-E618-4DF0-882E-518562CE3007}.Debug|Any CPU.ActiveCfg = Debug|Any CPU
		{A452106C-E618-4DF0-882E-518562CE3007}.Debug|Any CPU.Build.0 = Debug|Any CPU
		{A452106C-E618-4DF0-882E-518562CE3007}.Release|Any CPU.ActiveCfg = Release|Any CPU
		{A452106C-E618-4DF0-882E-518562CE3007}.Release|Any CPU.Build.0 = Release|Any CPU
		{767BEF53-963B-4738-AE97-230B75B6BBE7}.Debug|Any CPU.ActiveCfg = Debug|Any CPU
		{767BEF53-963B-4738-AE97-230B75B6BBE7}.Debug|Any CPU.Build.0 = Debug|Any CPU
		{767BEF53-963B-4738-AE97-230B75B6BBE7}.Release|Any CPU.ActiveCfg = Release|Any CPU
		{767BEF53-963B-4738-AE97-230B75B6BBE7}.Release|Any CPU.Build.0 = Release|Any CPU
	EndGlobalSection
	GlobalSection(SolutionProperties) = preSolution
		HideSolutionNode = FALSE
	EndGlobalSection
	GlobalSection(ExtensibilityGlobals) = postSolution
		SolutionGuid = {4C9324BC-15C2-4305-9794-104312D2C0CA}
	EndGlobalSection
EndGlobal
